
Microsoft Visual Studio Solution File, Format Version 12.00
# Visual Studio Version 17
VisualStudioVersion = 17.11.35327.3
MinimumVisualStudioVersion = 10.0.40219.1
Project("{FAE04EC0-301F-11D3-BF4B-00C04F79EFBC}") = "ConsoleApp1", "ConsoleApp1.csproj", "{F498B2E7-6926-4B7C-9E40-FCC30FE6824C}"
EndProject
Global
	GlobalSection(SolutionConfigurationPlatforms) = preSolution
		Debug|Any CPU = Debug|Any CPU
		Release|Any CPU = Release|Any CPU
	EndGlobalSection
	GlobalSection(ProjectConfigurationPlatforms) = postSolution
		{F498B2E7-6926-4B7C-9E40-FCC30FE6824C}.Debug|Any CPU.ActiveCfg = Debug|Any CPU
		{F498B2E7-6926-4B7C-9E40-FCC30FE6824C}.Debug|Any CPU.Build.0 = Debug|Any CPU
		{F498B2E7-6926-4B7C-9E40-FCC30FE6824C}.Release|Any CPU.ActiveCfg = Release|Any CPU
		{F498B2E7-6926-4B7C-9E40-FCC30FE6824C}.Release|Any CPU.Build.0 = Release|Any CPU
	EndGlobalSection
	GlobalSection(SolutionProperties) = preSolution
		HideSolutionNode = FALSE
	EndGlobalSection
	GlobalSection(ExtensibilityGlobals) = postSolution
		SolutionGuid = {B943B1EB-EB6A-4D6C-A511-9A032CF4F105}
	EndGlobalSection
EndGlobal
