
Microsoft Visual Studio Solution File, Format Version 12.00
# Visual Studio Version 17
VisualStudioVersion = 17.11.35327.3
MinimumVisualStudioVersion = 10.0.40219.1
Project("{FAE04EC0-301F-11D3-BF4B-00C04F79EFBC}") = "ConsoleApp4", "ConsoleApp4.csproj", "{335425DC-601A-49CA-BF91-B8F0A25D124A}"
EndProject
Global
	GlobalSection(SolutionConfigurationPlatforms) = preSolution
		Debug|Any CPU = Debug|Any CPU
		Release|Any CPU = Release|Any CPU
	EndGlobalSection
	GlobalSection(ProjectConfigurationPlatforms) = postSolution
		{335425DC-601A-49CA-BF91-B8F0A25D124A}.Debug|Any CPU.ActiveCfg = Debug|Any CPU
		{335425DC-601A-49CA-BF91-B8F0A25D124A}.Debug|Any CPU.Build.0 = Debug|Any CPU
		{335425DC-601A-49CA-BF91-B8F0A25D124A}.Release|Any CPU.ActiveCfg = Release|Any CPU
		{335425DC-601A-49CA-BF91-B8F0A25D124A}.Release|Any CPU.Build.0 = Release|Any CPU
	EndGlobalSection
	GlobalSection(SolutionProperties) = preSolution
		HideSolutionNode = FALSE
	EndGlobalSection
	GlobalSection(ExtensibilityGlobals) = postSolution
		SolutionGuid = {58ED6F05-1C6C-4E8A-872B-2AF9E30AF4F9}
	EndGlobalSection
EndGlobal
